PODS:
  - pop (1.0.10)
  - SDWebImage (4.2.0):
    - SDWebImage/Core (= 4.2.0)
  - SDWebImage/Core (4.2.0)

DEPENDENCIES:
  - pop
  - SDWebImage

SPEC CHECKSUMS:
  pop: 82ca6b068ce9278fd350fd9dd09482a0ce9492e6
  SDWebImage: b1189fd85365c18434270a11a5cad13a1e848d53

PODFILE CHECKSUM: a335e352bf66f3b58de9601f91eff43bddba0275

COCOAPODS: 1.2.1
